
Microsoft Visual Studio Solution File, Format Version 12.00
# Visual Studio 15
VisualStudioVersion = 15.0.27703.2047
MinimumVisualStudioVersion = 10.0.40219.1
Project("{FAE04EC0-301F-11D3-BF4B-00C04F79EFBC}") = "HelpCards", "HelpCards\HelpCards.csproj", "{60763994-0CE2-4D20-BBC1-07A19D064846}"
EndProject
Global
	GlobalSection(SolutionConfigurationPlatforms) = preSolution
		Debug|Any CPU = Debug|Any CPU
		Release|Any CPU = Release|Any CPU
	EndGlobalSection
	GlobalSection(ProjectConfigurationPlatforms) = postSolution
		{60763994-0CE2-4D20-BBC1-07A19D064846}.Debug|Any CPU.ActiveCfg = Debug|Any CPU
		{60763994-0CE2-4D20-BBC1-07A19D064846}.Debug|Any CPU.Build.0 = Debug|Any CPU
		{60763994-0CE2-4D20-BBC1-07A19D064846}.Release|Any CPU.ActiveCfg = Release|Any CPU
		{60763994-0CE2-4D20-BBC1-07A19D064846}.Release|Any CPU.Build.0 = Release|Any CPU
	EndGlobalSection
	GlobalSection(SolutionProperties) = preSolution
		HideSolutionNode = FALSE
	EndGlobalSection
	GlobalSection(ExtensibilityGlobals) = postSolution
		SolutionGuid = {3EF08072-18FD-4D25-B0C2-C83DBA936968}
	EndGlobalSection
EndGlobal
